github.com/jun-hf/link-extractor v0.0.0-20240328154205-66e2c2219b36 h1:WDn70MHwU31tiJQTOGaR6ExDX7ACyJa9pCmrdGcLl4s=
github.com/jun-hf/link-extractor v0.0.0-20240328154205-66e2c2219b36/go.mod h1:Z3265YB+ZaGfppIvcayCmIjRXds7NxPXcDPAdabc8sE=
golang.org/x/net v0.22.0 h1:9sGLhx7iRIHEiX0oAJ3MRZMUCElJgy7Br1nO+AMN3Tc=
golang.org/x/net v0.22.0/go.mod h1:JKghWKKOSdJwpW2GEx0Ja7fmaKnMsbu+MWVZTokSYmg=
